
Microsoft Visual Studio Solution File, Format Version 12.00
# Visual Studio 15
VisualStudioVersion = 15.0.28307.1145
MinimumVisualStudioVersion = 10.0.40219.1
Project("{FAE04EC0-301F-11D3-BF4B-00C04F79EFBC}") = "CompanyManagementAPI", "CompanyManagementAPI\CompanyManagementAPI.csproj", "{5405F18F-6165-481C-B45A-FDDD50EF8C2E}"
EndProject
Project("{FAE04EC0-301F-11D3-BF4B-00C04F79EFBC}") = "CompanyManagement.Business", "CompanyManagement.Business\CompanyManagement.Business.csproj", "{997DC77E-0F6D-402F-9A5D-5DBF98184CC2}"
EndProject
Project("{FAE04EC0-301F-11D3-BF4B-00C04F79EFBC}") = "CompanyManagement.Repository", "CompanyManagement.Repository\CompanyManagement.Repository.csproj", "{D294A002-342A-40BA-A90D-11C85C2D7D1B}"
EndProject
Project("{FAE04EC0-301F-11D3-BF4B-00C04F79EFBC}") = "CompanyManagement.Abstractions", "CompanyManagement.Abstractions\CompanyManagement.Abstractions.csproj", "{1A6D3ED5-990B-4C6B-A25C-3BF08B9186A2}"
EndProject
Project("{FAE04EC0-301F-11D3-BF4B-00C04F79EFBC}") = "CompanyManagement.Models", "CompanyManagement.Models\CompanyManagement.Models.csproj", "{5182A756-241F-4EBF-AE3A-165AC1135C72}"
EndProject
Global
	GlobalSection(SolutionConfigurationPlatforms) = preSolution
		Debug|Any CPU = Debug|Any CPU
		Release|Any CPU = Release|Any CPU
	EndGlobalSection
	GlobalSection(ProjectConfigurationPlatforms) = postSolution
		{5405F18F-6165-481C-B45A-FDDD50EF8C2E}.Debug|Any CPU.ActiveCfg = Debug|Any CPU
		{5405F18F-6165-481C-B45A-FDDD50EF8C2E}.Debug|Any CPU.Build.0 = Debug|Any CPU
		{5405F18F-6165-481C-B45A-FDDD50EF8C2E}.Release|Any CPU.ActiveCfg = Release|Any CPU
		{5405F18F-6165-481C-B45A-FDDD50EF8C2E}.Release|Any CPU.Build.0 = Release|Any CPU
		{997DC77E-0F6D-402F-9A5D-5DBF98184CC2}.Debug|Any CPU.ActiveCfg = Debug|Any CPU
		{997DC77E-0F6D-402F-9A5D-5DBF98184CC2}.Debug|Any CPU.Build.0 = Debug|Any CPU
		{997DC77E-0F6D-402F-9A5D-5DBF98184CC2}.Release|Any CPU.ActiveCfg = Release|Any CPU
		{997DC77E-0F6D-402F-9A5D-5DBF98184CC2}.Release|Any CPU.Build.0 = Release|Any CPU
		{D294A002-342A-40BA-A90D-11C85C2D7D1B}.Debug|Any CPU.ActiveCfg = Debug|Any CPU
		{D294A002-342A-40BA-A90D-11C85C2D7D1B}.Debug|Any CPU.Build.0 = Debug|Any CPU
		{D294A002-342A-40BA-A90D-11C85C2D7D1B}.Release|Any CPU.ActiveCfg = Release|Any CPU
		{D294A002-342A-40BA-A90D-11C85C2D7D1B}.Release|Any CPU.Build.0 = Release|Any CPU
		{1A6D3ED5-990B-4C6B-A25C-3BF08B9186A2}.Debug|Any CPU.ActiveCfg = Debug|Any CPU
		{1A6D3ED5-990B-4C6B-A25C-3BF08B9186A2}.Debug|Any CPU.Build.0 = Debug|Any CPU
		{1A6D3ED5-990B-4C6B-A25C-3BF08B9186A2}.Release|Any CPU.ActiveCfg = Release|Any CPU
		{1A6D3ED5-990B-4C6B-A25C-3BF08B9186A2}.Release|Any CPU.Build.0 = Release|Any CPU
		{5182A756-241F-4EBF-AE3A-165AC1135C72}.Debug|Any CPU.ActiveCfg = Debug|Any CPU
		{5182A756-241F-4EBF-AE3A-165AC1135C72}.Debug|Any CPU.Build.0 = Debug|Any CPU
		{5182A756-241F-4EBF-AE3A-165AC1135C72}.Release|Any CPU.ActiveCfg = Release|Any CPU
		{5182A756-241F-4EBF-AE3A-165AC1135C72}.Release|Any CPU.Build.0 = Release|Any CPU
	EndGlobalSection
	GlobalSection(SolutionProperties) = preSolution
		HideSolutionNode = FALSE
	EndGlobalSection
	GlobalSection(ExtensibilityGlobals) = postSolution
		SolutionGuid = {DCA18849-C4EC-4687-A846-CD566F3FE004}
	EndGlobalSection
EndGlobal
